<Solution>
  <Project Path="samples/Aiska.IdempotentApi.SampleMinimalApi/Aiska.IdempotentApi.SampleMinimalApi.csproj" Id="7e26dacd-ab18-4840-914f-208a1d106e52" />
  <Project Path="samples/Aiska.IdempotentApi.SampleMvc/Aiska.IdempotentApi.SampleMvc.csproj" />
  <Project Path="src/Aiska.IdempotentApi.Hybrid/Aiska.IdempotentApi.Hybrid.csproj" Id="d6f7a073-010c-42a4-a9b4-6eb8715619f9" />
  <Project Path="src/Aiska.IdempotentApi/Aiska.IdempotentApi.csproj" />
  <Project Path="tests/Aiska.IdempotentApi.Test/Aiska.IdempotentApi.Tests/Aiska.IdempotentApi.Tests.csproj" Id="57bda12b-74d2-4043-806f-5e1f54a233f2" />
</Solution>
